
Microsoft Visual Studio Solution File, Format Version 12.00
# Visual Studio Version 17
VisualStudioVersion = 17.9.34723.18
MinimumVisualStudioVersion = 10.0.40219.1
Project("{9A19103F-16F7-4668-BE54-9A1E7A4F7556}") = "ApiFichaAcademia", "ApiFichaAcademia\ApiFichaAcademia.csproj", "{37830C46-3D65-47AB-BEC2-349EC34E463B}"
	ProjectSection(ProjectDependencies) = postProject
		{97B09B16-D827-4EE8-BF60-D110F8D510E5} = {97B09B16-D827-4EE8-BF60-D110F8D510E5}
	EndProjectSection
EndProject
Project("{2150E333-8FDC-42A3-9474-1A3956D46DE8}") = "1-API", "1-API", "{4239D20A-4AFA-4811-BBA2-767D501448DB}"
EndProject
Project("{2150E333-8FDC-42A3-9474-1A3956D46DE8}") = "3-Models", "3-Models", "{07DF5016-8A8F-4975-BB95-842FACECC59C}"
EndProject
Project("{9A19103F-16F7-4668-BE54-9A1E7A4F7556}") = "ApiFichaAcademia.Models", "ApiFichaAcademia.Models\ApiFichaAcademia.Models.csproj", "{0A194D15-AB71-4B01-AB33-3497C35CED8A}"
EndProject
Project("{2150E333-8FDC-42A3-9474-1A3956D46DE8}") = "2-Business", "2-Business", "{E8064E71-0E4E-42A4-ADF9-2186A3A5AB61}"
EndProject
Project("{2150E333-8FDC-42A3-9474-1A3956D46DE8}") = "5-Common", "5-Common", "{7A2FAF18-2C88-4DB0-8A1D-F978150852F0}"
EndProject
Project("{9A19103F-16F7-4668-BE54-9A1E7A4F7556}") = "ApiFichaAcademia.Common", "ApiFichaAcademia.Common\ApiFichaAcademia.Common.csproj", "{189E4515-A369-4B22-AF3B-4E1F1C565B2A}"
EndProject
Project("{2150E333-8FDC-42A3-9474-1A3956D46DE8}") = "6-Migration", "6-Migration", "{93A0AC11-81D2-4CD3-9F34-9CD4C32B5799}"
EndProject
Project("{9A19103F-16F7-4668-BE54-9A1E7A4F7556}") = "ApiFichaAcademia.Migration", "ApiFichaAcademia.Migration\ApiFichaAcademia.Migration.csproj", "{97B09B16-D827-4EE8-BF60-D110F8D510E5}"
EndProject
Project("{2150E333-8FDC-42A3-9474-1A3956D46DE8}") = "4-Repository", "4-Repository", "{5DD32EDB-C4D6-455D-B943-F0DB60297EDB}"
EndProject
Project("{9A19103F-16F7-4668-BE54-9A1E7A4F7556}") = "ApiFichaAcademia.Repository", "ApiFichaAcademia.Repository\ApiFichaAcademia.Repository.csproj", "{EA290683-AA8E-46C7-AA66-AC4C1A6F40F5}"
EndProject
Project("{FAE04EC0-301F-11D3-BF4B-00C04F79EFBC}") = "ApiFichaAcademia.CrossCutting", "ApiFichaAcademia.CrossCutting\ApiFichaAcademia.CrossCutting.csproj", "{312DA7D2-86BF-45E4-A0B7-791B6BE0447C}"
EndProject
Global
	GlobalSection(SolutionConfigurationPlatforms) = preSolution
		Debug|Any CPU = Debug|Any CPU
		Release|Any CPU = Release|Any CPU
	EndGlobalSection
	GlobalSection(ProjectConfigurationPlatforms) = postSolution
		{37830C46-3D65-47AB-BEC2-349EC34E463B}.Debug|Any CPU.ActiveCfg = Debug|Any CPU
		{37830C46-3D65-47AB-BEC2-349EC34E463B}.Debug|Any CPU.Build.0 = Debug|Any CPU
		{37830C46-3D65-47AB-BEC2-349EC34E463B}.Release|Any CPU.ActiveCfg = Release|Any CPU
		{37830C46-3D65-47AB-BEC2-349EC34E463B}.Release|Any CPU.Build.0 = Release|Any CPU
		{0A194D15-AB71-4B01-AB33-3497C35CED8A}.Debug|Any CPU.ActiveCfg = Debug|Any CPU
		{0A194D15-AB71-4B01-AB33-3497C35CED8A}.Debug|Any CPU.Build.0 = Debug|Any CPU
		{0A194D15-AB71-4B01-AB33-3497C35CED8A}.Release|Any CPU.ActiveCfg = Release|Any CPU
		{0A194D15-AB71-4B01-AB33-3497C35CED8A}.Release|Any CPU.Build.0 = Release|Any CPU
		{189E4515-A369-4B22-AF3B-4E1F1C565B2A}.Debug|Any CPU.ActiveCfg = Debug|Any CPU
		{189E4515-A369-4B22-AF3B-4E1F1C565B2A}.Debug|Any CPU.Build.0 = Debug|Any CPU
		{189E4515-A369-4B22-AF3B-4E1F1C565B2A}.Release|Any CPU.ActiveCfg = Release|Any CPU
		{189E4515-A369-4B22-AF3B-4E1F1C565B2A}.Release|Any CPU.Build.0 = Release|Any CPU
		{97B09B16-D827-4EE8-BF60-D110F8D510E5}.Debug|Any CPU.ActiveCfg = Debug|Any CPU
		{97B09B16-D827-4EE8-BF60-D110F8D510E5}.Debug|Any CPU.Build.0 = Debug|Any CPU
		{97B09B16-D827-4EE8-BF60-D110F8D510E5}.Release|Any CPU.ActiveCfg = Release|Any CPU
		{97B09B16-D827-4EE8-BF60-D110F8D510E5}.Release|Any CPU.Build.0 = Release|Any CPU
		{EA290683-AA8E-46C7-AA66-AC4C1A6F40F5}.Debug|Any CPU.ActiveCfg = Debug|Any CPU
		{EA290683-AA8E-46C7-AA66-AC4C1A6F40F5}.Debug|Any CPU.Build.0 = Debug|Any CPU
		{EA290683-AA8E-46C7-AA66-AC4C1A6F40F5}.Release|Any CPU.ActiveCfg = Release|Any CPU
		{EA290683-AA8E-46C7-AA66-AC4C1A6F40F5}.Release|Any CPU.Build.0 = Release|Any CPU
		{312DA7D2-86BF-45E4-A0B7-791B6BE0447C}.Debug|Any CPU.ActiveCfg = Debug|Any CPU
		{312DA7D2-86BF-45E4-A0B7-791B6BE0447C}.Debug|Any CPU.Build.0 = Debug|Any CPU
		{312DA7D2-86BF-45E4-A0B7-791B6BE0447C}.Release|Any CPU.ActiveCfg = Release|Any CPU
		{312DA7D2-86BF-45E4-A0B7-791B6BE0447C}.Release|Any CPU.Build.0 = Release|Any CPU
	EndGlobalSection
	GlobalSection(SolutionProperties) = preSolution
		HideSolutionNode = FALSE
	EndGlobalSection
	GlobalSection(NestedProjects) = preSolution
		{37830C46-3D65-47AB-BEC2-349EC34E463B} = {4239D20A-4AFA-4811-BBA2-767D501448DB}
		{0A194D15-AB71-4B01-AB33-3497C35CED8A} = {07DF5016-8A8F-4975-BB95-842FACECC59C}
		{189E4515-A369-4B22-AF3B-4E1F1C565B2A} = {7A2FAF18-2C88-4DB0-8A1D-F978150852F0}
		{97B09B16-D827-4EE8-BF60-D110F8D510E5} = {93A0AC11-81D2-4CD3-9F34-9CD4C32B5799}
		{EA290683-AA8E-46C7-AA66-AC4C1A6F40F5} = {5DD32EDB-C4D6-455D-B943-F0DB60297EDB}
		{312DA7D2-86BF-45E4-A0B7-791B6BE0447C} = {7A2FAF18-2C88-4DB0-8A1D-F978150852F0}
	EndGlobalSection
	GlobalSection(ExtensibilityGlobals) = postSolution
		SolutionGuid = {63CD49AD-FB12-4635-B011-49DB30EEBA7C}
	EndGlobalSection
EndGlobal
